{
  "name": "quotes-api",
  "version": "1.0.0",
  "lockfileVersion": 3,
  "requires": true,
  "packages": {
    "": {
      "name": "quotes-api",
      "version": "1.0.0",
      "license": "ISC",
      "dependencies": {
        "morgan": "^1.10.0"
      },
      "devDependencies": {
        "prisma": "^5.18.0"
      }
    },
    "node_modules/@prisma/debug": {
      "version": "5.18.0",
      "resolved": "https://registry.npmjs.org/@prisma/debug/-/debug-5.18.0.tgz",
      "integrity": "sha512-f+ZvpTLidSo3LMJxQPVgAxdAjzv5OpzAo/eF8qZqbwvgi2F5cTOI9XCpdRzJYA0iGfajjwjOKKrVq64vkxEfUw==",
      "dev": true,
      "license": "Apache-2.0"
    },
    "node_modules/@prisma/engines": {
      "version": "5.18.0",
      "resolved": "https://registry.npmjs.org/@prisma/engines/-/engines-5.18.0.tgz",
      "integrity": "sha512-ofmpGLeJ2q2P0wa/XaEgTnX/IsLnvSp/gZts0zjgLNdBhfuj2lowOOPmDcfKljLQUXMvAek3lw5T01kHmCG8rg==",
      "dev": true,
      "hasInstallScript": true,
      "license": "Apache-2.0",
      "dependencies": {
        "@prisma/debug": "5.18.0",
        "@prisma/engines-version": "5.18.0-25.4c784e32044a8a016d99474bd02a3b6123742169",
        "@prisma/fetch-engine": "5.18.0",
        "@prisma/get-platform": "5.18.0"
      }
    },
    "node_modules/@prisma/engines-version": {
      "version": "5.18.0-25.4c784e32044a8a016d99474bd02a3b6123742169",
      "resolved": "https://registry.npmjs.org/@prisma/engines-version/-/engines-version-5.18.0-25.4c784e32044a8a016d99474bd02a3b6123742169.tgz",
      "integrity": "sha512-a/+LpJj8vYU3nmtkg+N3X51ddbt35yYrRe8wqHTJtYQt7l1f8kjIBcCs6sHJvodW/EK5XGvboOiwm47fmNrbgg==",
      "dev": true,
      "license": "Apache-2.0"
    },
    "node_modules/@prisma/fetch-engine": {
      "version": "5.18.0",
      "resolved": "https://registry.npmjs.org/@prisma/fetch-engine/-/fetch-engine-5.18.0.tgz",
      "integrity": "sha512-I/3u0x2n31rGaAuBRx2YK4eB7R/1zCuayo2DGwSpGyrJWsZesrV7QVw7ND0/Suxeo/vLkJ5OwuBqHoCxvTHpOg==",
      "dev": true,
      "license": "Apache-2.0",
      "dependencies": {
        "@prisma/debug": "5.18.0",
        "@prisma/engines-version": "5.18.0-25.4c784e32044a8a016d99474bd02a3b6123742169",
        "@prisma/get-platform": "5.18.0"
      }
    },
    "node_modules/@prisma/get-platform": {
      "version": "5.18.0",
      "resolved": "https://registry.npmjs.org/@prisma/get-platform/-/get-platform-5.18.0.tgz",
      "integrity": "sha512-Tk+m7+uhqcKDgnMnFN0lRiH7Ewea0OEsZZs9pqXa7i3+7svS3FSCqDBCaM9x5fmhhkufiG0BtunJVDka+46DlA==",
      "dev": true,
      "license": "Apache-2.0",
      "dependencies": {
        "@prisma/debug": "5.18.0"
      }
    },
    "node_modules/basic-auth": {
      "version": "2.0.1",
      "resolved": "https://registry.npmjs.org/basic-auth/-/basic-auth-2.0.1.tgz",
      "integrity": "sha512-NF+epuEdnUYVlGuhaxbbq+dvJttwLnGY+YixlXlME5KpQ5W3CnXA5cVTneY3SPbPDRkcjMbifrwmFYcClgOZeg==",
      "license": "MIT",
      "dependencies": {
        "safe-buffer": "5.1.2"
      },
      "engines": {
        "node": ">= 0.8"
      }
    },
    "node_modules/debug": {
      "version": "2.6.9",
      "resolved": "https://registry.npmjs.org/debug/-/debug-2.6.9.tgz",
      "integrity": "sha512-bC7ElrdJaJnPbAP+1EotYvqZsb3ecl5wi6Bfi6BJTUcNowp6cvspg0jXznRTKDjm/E7AdgFBVeAPVMNcKGsHMA==",
      "license": "MIT",
      "dependencies": {
        "ms": "2.0.0"
      }
    },
    "node_modules/depd": {
      "version": "2.0.0",
      "resolved": "https://registry.npmjs.org/depd/-/depd-2.0.0.tgz",
      "integrity": "sha512-g7nH6P6dyDioJogAAGprGpCtVImJhpPk/roCzdb3fIh61/s/nPsfR6onyMwkCAR/OlC3yBC0lESvUoQEAssIrw==",
      "license": "MIT",
      "engines": {
        "node": ">= 0.8"
      }
    },
    "node_modules/ee-first": {
      "version": "1.1.1",
      "resolved": "https://registry.npmjs.org/ee-first/-/ee-first-1.1.1.tgz",
      "integrity": "sha512-WMwm9LhRUo+WUaRN+vRuETqG89IgZphVSNkdFgeb6sS/E4OrDIN7t48CAewSHXc6C8lefD8KKfr5vY61brQlow==",
      "license": "MIT"
    },
    "node_modules/morgan": {
      "version": "1.10.0",
      "resolved": "https://registry.npmjs.org/morgan/-/morgan-1.10.0.tgz",
      "integrity": "sha512-AbegBVI4sh6El+1gNwvD5YIck7nSA36weD7xvIxG4in80j/UoK8AEGaWnnz8v1GxonMCltmlNs5ZKbGvl9b1XQ==",
      "license": "MIT",
      "dependencies": {
        "basic-auth": "~2.0.1",
        "debug": "2.6.9",
        "depd": "~2.0.0",
        "on-finished": "~2.3.0",
        "on-headers": "~1.0.2"
      },
      "engines": {
        "node": ">= 0.8.0"
      }
    },
    "node_modules/ms": {
      "version": "2.0.0",
      "resolved": "https://registry.npmjs.org/ms/-/ms-2.0.0.tgz",
      "integrity": "sha512-Tpp60P6IUJDTuOq/5Z8cdskzJujfwqfOTkrwIwj7IRISpnkJnT6SyJ4PCPnGMoFjC9ddhal5KVIYtAt97ix05A==",
      "license": "MIT"
    },
    "node_modules/on-finished": {
      "version": "2.3.0",
      "resolved": "https://registry.npmjs.org/on-finished/-/on-finished-2.3.0.tgz",
      "integrity": "sha512-ikqdkGAAyf/X/gPhXGvfgAytDZtDbr+bkNUJ0N9h5MI/dmdgCs3l6hoHrcUv41sRKew3jIwrp4qQDXiK99Utww==",
      "license": "MIT",
      "dependencies": {
        "ee-first": "1.1.1"
      },
      "engines": {
        "node": ">= 0.8"
      }
    },
    "node_modules/on-headers": {
      "version": "1.0.2",
      "resolved": "https://registry.npmjs.org/on-headers/-/on-headers-1.0.2.tgz",
      "integrity": "sha512-pZAE+FJLoyITytdqK0U5s+FIpjN0JP3OzFi/u8Rx+EV5/W+JTWGXG8xFzevE7AjBfDqHv/8vL8qQsIhHnqRkrA==",
      "license": "MIT",
      "engines": {
        "node": ">= 0.8"
      }
    },
    "node_modules/prisma": {
      "version": "5.18.0",
      "resolved": "https://registry.npmjs.org/prisma/-/prisma-5.18.0.tgz",
      "integrity": "sha512-+TrSIxZsh64OPOmaSgVPH7ALL9dfU0jceYaMJXsNrTkFHO7/3RANi5K2ZiPB1De9+KDxCWn7jvRq8y8pvk+o9g==",
      "dev": true,
      "hasInstallScript": true,
      "license": "Apache-2.0",
      "dependencies": {
        "@prisma/engines": "5.18.0"
      },
      "bin": {
        "prisma": "build/index.js"
      },
      "engines": {
        "node": ">=16.13"
      }
    },
    "node_modules/safe-buffer": {
      "version": "5.1.2",
      "resolved": "https://registry.npmjs.org/safe-buffer/-/safe-buffer-5.1.2.tgz",
      "integrity": "sha512-Gd2UZBJDkXlY7GbJxfsE8/nvKkUEU1G38c1siN6QP6a9PT9MmHB8GnpscSmMJSoF8LOIrt8ud/wPtojys4G6+g==",
      "license": "MIT"
    }
  }
}
